
Microsoft Visual Studio Solution File, Format Version 12.00
# Visual Studio 15
VisualStudioVersion = 15.0.28010.2003
MinimumVisualStudioVersion = 10.0.40219.1
Project("{FAE04EC0-301F-11D3-BF4B-00C04F79EFBC}") = "TestOverLoad", "TestOverLoad\TestOverLoad.csproj", "{FF10D22F-136F-4220-91CB-AE7ECF5CA6BF}"
EndProject
Global
	GlobalSection(SolutionConfigurationPlatforms) = preSolution
		Debug|Any CPU = Debug|Any CPU
		Release|Any CPU = Release|Any CPU
	EndGlobalSection
	GlobalSection(ProjectConfigurationPlatforms) = postSolution
		{FF10D22F-136F-4220-91CB-AE7ECF5CA6BF}.Debug|Any CPU.ActiveCfg = Debug|Any CPU
		{FF10D22F-136F-4220-91CB-AE7ECF5CA6BF}.Debug|Any CPU.Build.0 = Debug|Any CPU
		{FF10D22F-136F-4220-91CB-AE7ECF5CA6BF}.Release|Any CPU.ActiveCfg = Release|Any CPU
		{FF10D22F-136F-4220-91CB-AE7ECF5CA6BF}.Release|Any CPU.Build.0 = Release|Any CPU
	EndGlobalSection
	GlobalSection(SolutionProperties) = preSolution
		HideSolutionNode = FALSE
	EndGlobalSection
	GlobalSection(ExtensibilityGlobals) = postSolution
		SolutionGuid = {832756FB-CD1F-45AC-AC7A-1C2DF78013E3}
	EndGlobalSection
EndGlobal
