
Microsoft Visual Studio Solution File, Format Version 12.00
# Visual Studio 15
VisualStudioVersion = 15.0.27428.2037
MinimumVisualStudioVersion = 10.0.40219.1
Project("{FAE04EC0-301F-11D3-BF4B-00C04F79EFBC}") = "NewUsers01", "NewUsers01\NewUsers01.csproj", "{618B13F1-AB96-4DA9-AE3E-0BA4DF4F9B9F}"
EndProject
Global
	GlobalSection(SolutionConfigurationPlatforms) = preSolution
		Debug|Any CPU = Debug|Any CPU
		Release|Any CPU = Release|Any CPU
	EndGlobalSection
	GlobalSection(ProjectConfigurationPlatforms) = postSolution
		{618B13F1-AB96-4DA9-AE3E-0BA4DF4F9B9F}.Debug|Any CPU.ActiveCfg = Debug|Any CPU
		{618B13F1-AB96-4DA9-AE3E-0BA4DF4F9B9F}.Debug|Any CPU.Build.0 = Debug|Any CPU
		{618B13F1-AB96-4DA9-AE3E-0BA4DF4F9B9F}.Release|Any CPU.ActiveCfg = Release|Any CPU
		{618B13F1-AB96-4DA9-AE3E-0BA4DF4F9B9F}.Release|Any CPU.Build.0 = Release|Any CPU
	EndGlobalSection
	GlobalSection(SolutionProperties) = preSolution
		HideSolutionNode = FALSE
	EndGlobalSection
	GlobalSection(ExtensibilityGlobals) = postSolution
		SolutionGuid = {CF964DBB-A8A4-4ED3-B8E0-E235FBBF85CA}
	EndGlobalSection
EndGlobal
