
Microsoft Visual Studio Solution File, Format Version 12.00
# Visual Studio 15
VisualStudioVersion = 15.0.28010.2003
MinimumVisualStudioVersion = 10.0.40219.1
Project("{FAE04EC0-301F-11D3-BF4B-00C04F79EFBC}") = "SECProject", "AddSection\SECProject.csproj", "{5528BF5D-F548-49B1-8EA7-4EF1DEE77173}"
EndProject
Project("{FAE04EC0-301F-11D3-BF4B-00C04F79EFBC}") = "UxTestTwo", "..\UxTestTwo\UxTestTwo\UxTestTwo.csproj", "{6329D8F8-EAD6-4594-BDA9-D2E6CBE8A4E3}"
EndProject
Project("{2150E333-8FDC-42A3-9474-1A3956D46DE8}") = "SolFolder", "SolFolder", "{63589EFE-6C6A-4D57-8D67-FDF3B034226F}"
EndProject
Project("{2150E333-8FDC-42A3-9474-1A3956D46DE8}") = "UTIL", "UTIL", "{F2A24A6D-0A33-4DBD-B1B7-6872C7C206EF}"
EndProject
Global
	GlobalSection(SolutionConfigurationPlatforms) = preSolution
		Debug|Any CPU = Debug|Any CPU
		Release|Any CPU = Release|Any CPU
	EndGlobalSection
	GlobalSection(ProjectConfigurationPlatforms) = postSolution
		{5528BF5D-F548-49B1-8EA7-4EF1DEE77173}.Debug|Any CPU.ActiveCfg = Debug|Any CPU
		{5528BF5D-F548-49B1-8EA7-4EF1DEE77173}.Debug|Any CPU.Build.0 = Debug|Any CPU
		{5528BF5D-F548-49B1-8EA7-4EF1DEE77173}.Release|Any CPU.ActiveCfg = Release|Any CPU
		{5528BF5D-F548-49B1-8EA7-4EF1DEE77173}.Release|Any CPU.Build.0 = Release|Any CPU
		{6329D8F8-EAD6-4594-BDA9-D2E6CBE8A4E3}.Debug|Any CPU.ActiveCfg = Debug|Any CPU
		{6329D8F8-EAD6-4594-BDA9-D2E6CBE8A4E3}.Debug|Any CPU.Build.0 = Debug|Any CPU
		{6329D8F8-EAD6-4594-BDA9-D2E6CBE8A4E3}.Release|Any CPU.ActiveCfg = Release|Any CPU
		{6329D8F8-EAD6-4594-BDA9-D2E6CBE8A4E3}.Release|Any CPU.Build.0 = Release|Any CPU
	EndGlobalSection
	GlobalSection(SolutionProperties) = preSolution
		HideSolutionNode = FALSE
	EndGlobalSection
	GlobalSection(NestedProjects) = preSolution
		{5528BF5D-F548-49B1-8EA7-4EF1DEE77173} = {63589EFE-6C6A-4D57-8D67-FDF3B034226F}
		{6329D8F8-EAD6-4594-BDA9-D2E6CBE8A4E3} = {F2A24A6D-0A33-4DBD-B1B7-6872C7C206EF}
	EndGlobalSection
	GlobalSection(ExtensibilityGlobals) = postSolution
		SolutionGuid = {C71DEC49-030E-4ABF-8BC4-C7BAC610FAA8}
	EndGlobalSection
EndGlobal
